
Microsoft Visual Studio Solution File, Format Version 12.00
# Visual Studio 2015
Project("{FAE04EC0-301F-11D3-BF4B-00C04F79EFBC}") = "UnityBaseProject.CSharp", "UnityBaseProject.CSharp.csproj", "{D08AD6D5-BC77-06A6-B55C-4D9857A47B7C}"
EndProject
Global
	GlobalSection(SolutionConfigurationPlatforms) = preSolution
		Debug|Any CPU = Debug|Any CPU
		Release|Any CPU = Release|Any CPU
	EndGlobalSection
	GlobalSection(ProjectConfigurationPlatforms) = postSolution
		{D08AD6D5-BC77-06A6-B55C-4D9857A47B7C}.Debug|Any CPU.ActiveCfg = Debug|Any CPU
		{D08AD6D5-BC77-06A6-B55C-4D9857A47B7C}.Debug|Any CPU.Build.0 = Debug|Any CPU
		{D08AD6D5-BC77-06A6-B55C-4D9857A47B7C}.Release|Any CPU.ActiveCfg = Release|Any CPU
		{D08AD6D5-BC77-06A6-B55C-4D9857A47B7C}.Release|Any CPU.Build.0 = Release|Any CPU
	EndGlobalSection
	GlobalSection(SolutionProperties) = preSolution
		HideSolutionNode = FALSE
	EndGlobalSection
EndGlobal
